{
  "name": "std_login",
  "version": "1.0.0",
  "lockfileVersion": 1,
  "requires": true,
  "dependencies": {
    "systemjs": {
      "version": "0.21.2",
      "resolved": "https://registry.npmjs.org/systemjs/-/systemjs-0.21.2.tgz",
      "integrity": "sha512-jWyrotOEF5g/ofWVRUIQddGt92XU59jsIaFiQ73TIMyjDuEjhSrXKI4y2a29FtMkqHksDH9wHXPCWiZKH/A2gA==",
      "dev": true
    }
  }
}
